
Microsoft Visual Studio Solution File, Format Version 12.00
# Visual Studio 15
VisualStudioVersion = 15.0.26124.0
MinimumVisualStudioVersion = 15.0.26124.0
Project("{FAE04EC0-301F-11D3-BF4B-00C04F79EFBC}") = "DDD.Application", "DDD.Application\DDD.Application.csproj", "{E6114D61-4F88-48A7-82E6-6D17261CEC78}"
EndProject
Project("{FAE04EC0-301F-11D3-BF4B-00C04F79EFBC}") = "DDD.Domain", "DDD.Domain\DDD.Domain.csproj", "{47A49C7F-5714-4D40-A5DD-8D1688CA7398}"
EndProject
Project("{FAE04EC0-301F-11D3-BF4B-00C04F79EFBC}") = "DDD.Infra.Data", "DDD.Infra.Data\DDD.Infra.Data.csproj", "{E8323B59-7907-47BC-A292-38B7A1661715}"
EndProject
Project("{FAE04EC0-301F-11D3-BF4B-00C04F79EFBC}") = "DDD.Service", "DDD.Service\DDD.Service.csproj", "{DBDBC7A6-0AC8-477F-AC9C-03797B4A03C9}"
EndProject
Global
	GlobalSection(SolutionConfigurationPlatforms) = preSolution
		Debug|Any CPU = Debug|Any CPU
		Debug|x64 = Debug|x64
		Debug|x86 = Debug|x86
		Release|Any CPU = Release|Any CPU
		Release|x64 = Release|x64
		Release|x86 = Release|x86
	EndGlobalSection
	GlobalSection(SolutionProperties) = preSolution
		HideSolutionNode = FALSE
	EndGlobalSection
	GlobalSection(ProjectConfigurationPlatforms) = postSolution
		{E6114D61-4F88-48A7-82E6-6D17261CEC78}.Debug|Any CPU.ActiveCfg = Debug|Any CPU
		{E6114D61-4F88-48A7-82E6-6D17261CEC78}.Debug|Any CPU.Build.0 = Debug|Any CPU
		{E6114D61-4F88-48A7-82E6-6D17261CEC78}.Debug|x64.ActiveCfg = Debug|Any CPU
		{E6114D61-4F88-48A7-82E6-6D17261CEC78}.Debug|x64.Build.0 = Debug|Any CPU
		{E6114D61-4F88-48A7-82E6-6D17261CEC78}.Debug|x86.ActiveCfg = Debug|Any CPU
		{E6114D61-4F88-48A7-82E6-6D17261CEC78}.Debug|x86.Build.0 = Debug|Any CPU
		{E6114D61-4F88-48A7-82E6-6D17261CEC78}.Release|Any CPU.ActiveCfg = Release|Any CPU
		{E6114D61-4F88-48A7-82E6-6D17261CEC78}.Release|Any CPU.Build.0 = Release|Any CPU
		{E6114D61-4F88-48A7-82E6-6D17261CEC78}.Release|x64.ActiveCfg = Release|Any CPU
		{E6114D61-4F88-48A7-82E6-6D17261CEC78}.Release|x64.Build.0 = Release|Any CPU
		{E6114D61-4F88-48A7-82E6-6D17261CEC78}.Release|x86.ActiveCfg = Release|Any CPU
		{E6114D61-4F88-48A7-82E6-6D17261CEC78}.Release|x86.Build.0 = Release|Any CPU
		{47A49C7F-5714-4D40-A5DD-8D1688CA7398}.Debug|Any CPU.ActiveCfg = Debug|Any CPU
		{47A49C7F-5714-4D40-A5DD-8D1688CA7398}.Debug|Any CPU.Build.0 = Debug|Any CPU
		{47A49C7F-5714-4D40-A5DD-8D1688CA7398}.Debug|x64.ActiveCfg = Debug|Any CPU
		{47A49C7F-5714-4D40-A5DD-8D1688CA7398}.Debug|x64.Build.0 = Debug|Any CPU
		{47A49C7F-5714-4D40-A5DD-8D1688CA7398}.Debug|x86.ActiveCfg = Debug|Any CPU
		{47A49C7F-5714-4D40-A5DD-8D1688CA7398}.Debug|x86.Build.0 = Debug|Any CPU
		{47A49C7F-5714-4D40-A5DD-8D1688CA7398}.Release|Any CPU.ActiveCfg = Release|Any CPU
		{47A49C7F-5714-4D40-A5DD-8D1688CA7398}.Release|Any CPU.Build.0 = Release|Any CPU
		{47A49C7F-5714-4D40-A5DD-8D1688CA7398}.Release|x64.ActiveCfg = Release|Any CPU
		{47A49C7F-5714-4D40-A5DD-8D1688CA7398}.Release|x64.Build.0 = Release|Any CPU
		{47A49C7F-5714-4D40-A5DD-8D1688CA7398}.Release|x86.ActiveCfg = Release|Any CPU
		{47A49C7F-5714-4D40-A5DD-8D1688CA7398}.Release|x86.Build.0 = Release|Any CPU
		{E8323B59-7907-47BC-A292-38B7A1661715}.Debug|Any CPU.ActiveCfg = Debug|Any CPU
		{E8323B59-7907-47BC-A292-38B7A1661715}.Debug|Any CPU.Build.0 = Debug|Any CPU
		{E8323B59-7907-47BC-A292-38B7A1661715}.Debug|x64.ActiveCfg = Debug|Any CPU
		{E8323B59-7907-47BC-A292-38B7A1661715}.Debug|x64.Build.0 = Debug|Any CPU
		{E8323B59-7907-47BC-A292-38B7A1661715}.Debug|x86.ActiveCfg = Debug|Any CPU
		{E8323B59-7907-47BC-A292-38B7A1661715}.Debug|x86.Build.0 = Debug|Any CPU
		{E8323B59-7907-47BC-A292-38B7A1661715}.Release|Any CPU.ActiveCfg = Release|Any CPU
		{E8323B59-7907-47BC-A292-38B7A1661715}.Release|Any CPU.Build.0 = Release|Any CPU
		{E8323B59-7907-47BC-A292-38B7A1661715}.Release|x64.ActiveCfg = Release|Any CPU
		{E8323B59-7907-47BC-A292-38B7A1661715}.Release|x64.Build.0 = Release|Any CPU
		{E8323B59-7907-47BC-A292-38B7A1661715}.Release|x86.ActiveCfg = Release|Any CPU
		{E8323B59-7907-47BC-A292-38B7A1661715}.Release|x86.Build.0 = Release|Any CPU
		{DBDBC7A6-0AC8-477F-AC9C-03797B4A03C9}.Debug|Any CPU.ActiveCfg = Debug|Any CPU
		{DBDBC7A6-0AC8-477F-AC9C-03797B4A03C9}.Debug|Any CPU.Build.0 = Debug|Any CPU
		{DBDBC7A6-0AC8-477F-AC9C-03797B4A03C9}.Debug|x64.ActiveCfg = Debug|Any CPU
		{DBDBC7A6-0AC8-477F-AC9C-03797B4A03C9}.Debug|x64.Build.0 = Debug|Any CPU
		{DBDBC7A6-0AC8-477F-AC9C-03797B4A03C9}.Debug|x86.ActiveCfg = Debug|Any CPU
		{DBDBC7A6-0AC8-477F-AC9C-03797B4A03C9}.Debug|x86.Build.0 = Debug|Any CPU
		{DBDBC7A6-0AC8-477F-AC9C-03797B4A03C9}.Release|Any CPU.ActiveCfg = Release|Any CPU
		{DBDBC7A6-0AC8-477F-AC9C-03797B4A03C9}.Release|Any CPU.Build.0 = Release|Any CPU
		{DBDBC7A6-0AC8-477F-AC9C-03797B4A03C9}.Release|x64.ActiveCfg = Release|Any CPU
		{DBDBC7A6-0AC8-477F-AC9C-03797B4A03C9}.Release|x64.Build.0 = Release|Any CPU
		{DBDBC7A6-0AC8-477F-AC9C-03797B4A03C9}.Release|x86.ActiveCfg = Release|Any CPU
		{DBDBC7A6-0AC8-477F-AC9C-03797B4A03C9}.Release|x86.Build.0 = Release|Any CPU
	EndGlobalSection
EndGlobal
